# THIS IS AN AUTOGENERATED FILE. DO NOT EDIT THIS FILE DIRECTLY.
# yarn lockfile v1


aes-js@^0.2.3:
  version "0.2.4"
  resolved "https://registry.yarnpkg.com/aes-js/-/aes-js-0.2.4.tgz#94b881ab717286d015fa219e08fb66709dda5a3d"

async@^2.5.0:
  version "2.6.0"
  resolved "https://registry.yarnpkg.com/async/-/async-2.6.0.tgz#61a29abb6fcc026fea77e56d1c6ec53a795951f4"
  dependencies:
    lodash "^4.14.0"

balanced-match@^1.0.0:
  version "1.0.0"
  resolved "https://registry.yarnpkg.com/balanced-match/-/balanced-match-1.0.0.tgz#89b4d199ab2bee49de164ea02b89ce462d71b767"

base-x@^1.1.0:
  version "1.1.0"
  resolved "https://registry.yarnpkg.com/base-x/-/base-x-1.1.0.tgz#42d3d717474f9ea02207f6d1aa1f426913eeb7ac"

bignumber.js@^4.0.2:
  version "4.1.0"
  resolved "https://registry.yarnpkg.com/bignumber.js/-/bignumber.js-4.1.0.tgz#db6f14067c140bd46624815a7916c92d9b6c24b1"

"bignumber.js@git+https://github.com/frozeman/bignumber.js-nolookahead.git":
  version "2.0.7"
  resolved "git+https://github.com/frozeman/bignumber.js-nolookahead.git#57692b3ecfc98bbdd6b3a516cb2353652ea49934"

bindings@^1.2.1:
  version "1.3.0"
  resolved "https://registry.yarnpkg.com/bindings/-/bindings-1.3.0.tgz#b346f6ecf6a95f5a815c5839fc7cdb22502f1ed7"

bip66@^1.1.3:
  version "1.1.5"
  resolved "https://registry.yarnpkg.com/bip66/-/bip66-1.1.5.tgz#01fa8748785ca70955d5011217d1b3139969ca22"
  dependencies:
    safe-buffer "^5.0.1"

bn.js@^4.11.0, bn.js@^4.11.3, bn.js@^4.4.0, bn.js@^4.8.0:
  version "4.11.8"
  resolved "https://registry.yarnpkg.com/bn.js/-/bn.js-4.11.8.tgz#2cde09eb5ee341f484746bb0309b3253b1b1442f"

brace-expansion@^1.1.7:
  version "1.1.11"
  resolved "https://registry.yarnpkg.com/brace-expansion/-/brace-expansion-1.1.11.tgz#3c7fcbf529d87226f3d2f52b966ff5271eb441dd"
  dependencies:
    balanced-match "^1.0.0"
    concat-map "0.0.1"

brorand@^1.0.1:
  version "1.1.0"
  resolved "https://registry.yarnpkg.com/brorand/-/brorand-1.1.0.tgz#12c25efe40a45e3c323eb8675a0a0ce57b22371f"

browser-stdout@1.3.0:
  version "1.3.0"
  resolved "https://registry.yarnpkg.com/browser-stdout/-/browser-stdout-1.3.0.tgz#f351d32969d32fa5d7a5567154263d928ae3bd1f"

browserify-aes@^1.0.6:
  version "1.1.1"
  resolved "https://registry.yarnpkg.com/browserify-aes/-/browserify-aes-1.1.1.tgz#38b7ab55edb806ff2dcda1a7f1620773a477c49f"
  dependencies:
    buffer-xor "^1.0.3"
    cipher-base "^1.0.0"
    create-hash "^1.1.0"
    evp_bytestokey "^1.0.3"
    inherits "^2.0.1"
    safe-buffer "^5.0.1"

browserify-sha3@^0.0.1:
  version "0.0.1"
  resolved "https://registry.yarnpkg.com/browserify-sha3/-/browserify-sha3-0.0.1.tgz#3ff34a3006ef15c0fb3567e541b91a2340123d11"
  dependencies:
    js-sha3 "^0.3.1"

bs58@^2.0.1:
  version "2.0.1"
  resolved "https://registry.yarnpkg.com/bs58/-/bs58-2.0.1.tgz#55908d58f1982aba2008fa1bed8f91998a29bf8d"

bs58@^3.1.0:
  version "3.1.0"
  resolved "https://registry.yarnpkg.com/bs58/-/bs58-3.1.0.tgz#d4c26388bf4804cac714141b1945aa47e5eb248e"
  dependencies:
    base-x "^1.1.0"

bs58check@^1.0.8:
  version "1.3.4"
  resolved "https://registry.yarnpkg.com/bs58check/-/bs58check-1.3.4.tgz#c52540073749117714fa042c3047eb8f9151cbf8"
  dependencies:
    bs58 "^3.1.0"
    create-hash "^1.1.0"

buffer-xor@^1.0.3:
  version "1.0.3"
  resolved "https://registry.yarnpkg.com/buffer-xor/-/buffer-xor-1.0.3.tgz#26e61ed1422fb70dd42e6e36729ed51d855fe8d9"

cipher-base@^1.0.0, cipher-base@^1.0.1, cipher-base@^1.0.3:
  version "1.0.4"
  resolved "https://registry.yarnpkg.com/cipher-base/-/cipher-base-1.0.4.tgz#8760e4ecc272f4c363532f926d874aae2c1397de"
  dependencies:
    inherits "^2.0.1"
    safe-buffer "^5.0.1"

coinstring@^2.0.0:
  version "2.3.0"
  resolved "https://registry.yarnpkg.com/coinstring/-/coinstring-2.3.0.tgz#cdb63363a961502404a25afb82c2e26d5ff627a4"
  dependencies:
    bs58 "^2.0.1"
    create-hash "^1.1.1"

commander@2.9.0:
  version "2.9.0"
  resolved "https://registry.yarnpkg.com/commander/-/commander-2.9.0.tgz#9c99094176e12240cb22d6c5146098400fe0f7d4"
  dependencies:
    graceful-readlink ">= 1.0.0"

concat-map@0.0.1:
  version "0.0.1"
  resolved "https://registry.yarnpkg.com/concat-map/-/concat-map-0.0.1.tgz#d8a96bd77fd68df7793a73036a3ba0d5405d477b"

config@^1.26.1:
  version "1.30.0"
  resolved "https://registry.yarnpkg.com/config/-/config-1.30.0.tgz#1d60a9f35348a13c175798d384e81a5a16c3ba6e"
  dependencies:
    json5 "0.4.0"
    os-homedir "1.0.2"

create-hash@^1.1.0, create-hash@^1.1.1, create-hash@^1.1.2:
  version "1.1.3"
  resolved "https://registry.yarnpkg.com/create-hash/-/create-hash-1.1.3.tgz#606042ac8b9262750f483caddab0f5819172d8fd"
  dependencies:
    cipher-base "^1.0.1"
    inherits "^2.0.1"
    ripemd160 "^2.0.0"
    sha.js "^2.4.0"

create-hmac@^1.1.4:
  version "1.1.6"
  resolved "https://registry.yarnpkg.com/create-hmac/-/create-hmac-1.1.6.tgz#acb9e221a4e17bdb076e90657c42b93e3726cf06"
  dependencies:
    cipher-base "^1.0.3"
    create-hash "^1.1.0"
    inherits "^2.0.1"
    ripemd160 "^2.0.0"
    safe-buffer "^5.0.1"
    sha.js "^2.4.8"

crypto-js@^3.1.4:
  version "3.1.8"
  resolved "https://registry.yarnpkg.com/crypto-js/-/crypto-js-3.1.8.tgz#715f070bf6014f2ae992a98b3929258b713f08d5"

debug@2.6.8:
  version "2.6.8"
  resolved "https://registry.yarnpkg.com/debug/-/debug-2.6.8.tgz#e731531ca2ede27d188222427da17821d68ff4fc"
  dependencies:
    ms "2.0.0"

diff@3.2.0:
  version "3.2.0"
  resolved "https://registry.yarnpkg.com/diff/-/diff-3.2.0.tgz#c9ce393a4b7cbd0b058a725c93df299027868ff9"

drbg.js@^1.0.1:
  version "1.0.1"
  resolved "https://registry.yarnpkg.com/drbg.js/-/drbg.js-1.0.1.tgz#3e36b6c42b37043823cdbc332d58f31e2445480b"
  dependencies:
    browserify-aes "^1.0.6"
    create-hash "^1.1.2"
    create-hmac "^1.1.4"

elliptic@^6.2.3:
  version "6.4.0"
  resolved "https://registry.yarnpkg.com/elliptic/-/elliptic-6.4.0.tgz#cac9af8762c85836187003c8dfe193e5e2eae5df"
  dependencies:
    bn.js "^4.4.0"
    brorand "^1.0.1"
    hash.js "^1.0.0"
    hmac-drbg "^1.0.0"
    inherits "^2.0.1"
    minimalistic-assert "^1.0.0"
    minimalistic-crypto-utils "^1.0.0"

escape-string-regexp@1.0.5:
  version "1.0.5"
  resolved "https://registry.yarnpkg.com/escape-string-regexp/-/escape-string-regexp-1.0.5.tgz#1b61c0562190a8dff6ae3bb2cf0200ca130b86d4"

ethereum-common@^0.0.18:
  version "0.0.18"
  resolved "https://registry.yarnpkg.com/ethereum-common/-/ethereum-common-0.0.18.tgz#2fdc3576f232903358976eb39da783213ff9523f"

ethereumjs-tx@^1.3.1:
  version "1.3.4"
  resolved "https://registry.yarnpkg.com/ethereumjs-tx/-/ethereumjs-tx-1.3.4.tgz#c2304912f6c07af03237ad8675ac036e290dad48"
  dependencies:
    ethereum-common "^0.0.18"
    ethereumjs-util "^5.0.0"

ethereumjs-util@^4.4.0:
  version "4.5.0"
  resolved "https://registry.yarnpkg.com/ethereumjs-util/-/ethereumjs-util-4.5.0.tgz#3e9428b317eebda3d7260d854fddda954b1f1bc6"
  dependencies:
    bn.js "^4.8.0"
    create-hash "^1.1.2"
    keccakjs "^0.2.0"
    rlp "^2.0.0"
    secp256k1 "^3.0.1"

ethereumjs-util@^5.0.0:
  version "5.1.5"
  resolved "https://registry.yarnpkg.com/ethereumjs-util/-/ethereumjs-util-5.1.5.tgz#2f02575852627d45622426f25ee4a0b5f377f27a"
  dependencies:
    bn.js "^4.11.0"
    create-hash "^1.1.2"
    ethjs-util "^0.1.3"
    keccak "^1.0.2"
    rlp "^2.0.0"
    safe-buffer "^5.1.1"
    secp256k1 "^3.0.1"

ethereumjs-wallet@^0.6.0:
  version "0.6.0"
  resolved "https://registry.yarnpkg.com/ethereumjs-wallet/-/ethereumjs-wallet-0.6.0.tgz#82763b1697ee7a796be7155da9dfb49b2f98cfdb"
  dependencies:
    aes-js "^0.2.3"
    bs58check "^1.0.8"
    ethereumjs-util "^4.4.0"
    hdkey "^0.7.0"
    scrypt.js "^0.2.0"
    utf8 "^2.1.1"
    uuid "^2.0.1"

ethjs-util@^0.1.3:
  version "0.1.4"
  resolved "https://registry.yarnpkg.com/ethjs-util/-/ethjs-util-0.1.4.tgz#1c8b6879257444ef4d3f3fbbac2ded12cd997d93"
  dependencies:
    is-hex-prefixed "1.0.0"
    strip-hex-prefix "1.0.0"

evp_bytestokey@^1.0.3:
  version "1.0.3"
  resolved "https://registry.yarnpkg.com/evp_bytestokey/-/evp_bytestokey-1.0.3.tgz#7fcbdb198dc71959432efe13842684e0525acb02"
  dependencies:
    md5.js "^1.3.4"
    safe-buffer "^5.1.1"

fs.realpath@^1.0.0:
  version "1.0.0"
  resolved "https://registry.yarnpkg.com/fs.realpath/-/fs.realpath-1.0.0.tgz#1504ad2523158caa40db4a2787cb01411994ea4f"

glob@7.1.1:
  version "7.1.1"
  resolved "https://registry.yarnpkg.com/glob/-/glob-7.1.1.tgz#805211df04faaf1c63a3600306cdf5ade50b2ec8"
  dependencies:
    fs.realpath "^1.0.0"
    inflight "^1.0.4"
    inherits "2"
    minimatch "^3.0.2"
    once "^1.3.0"
    path-is-absolute "^1.0.0"

"graceful-readlink@>= 1.0.0":
  version "1.0.1"
  resolved "https://registry.yarnpkg.com/graceful-readlink/-/graceful-readlink-1.0.1.tgz#4cafad76bc62f02fa039b2f94e9a3dd3a391a725"

growl@1.9.2:
  version "1.9.2"
  resolved "https://registry.yarnpkg.com/growl/-/growl-1.9.2.tgz#0ea7743715db8d8de2c5ede1775e1b45ac85c02f"

has-flag@^1.0.0:
  version "1.0.0"
  resolved "https://registry.yarnpkg.com/has-flag/-/has-flag-1.0.0.tgz#9d9e793165ce017a00f00418c43f942a7b1d11fa"

hash-base@^2.0.0:
  version "2.0.2"
  resolved "https://registry.yarnpkg.com/hash-base/-/hash-base-2.0.2.tgz#66ea1d856db4e8a5470cadf6fce23ae5244ef2e1"
  dependencies:
    inherits "^2.0.1"

hash-base@^3.0.0:
  version "3.0.4"
  resolved "https://registry.yarnpkg.com/hash-base/-/hash-base-3.0.4.tgz#5fc8686847ecd73499403319a6b0a3f3f6ae4918"
  dependencies:
    inherits "^2.0.1"
    safe-buffer "^5.0.1"

hash.js@^1.0.0, hash.js@^1.0.3:
  version "1.1.3"
  resolved "https://registry.yarnpkg.com/hash.js/-/hash.js-1.1.3.tgz#340dedbe6290187151c1ea1d777a3448935df846"
  dependencies:
    inherits "^2.0.3"
    minimalistic-assert "^1.0.0"

hdkey@^0.7.0:
  version "0.7.1"
  resolved "https://registry.yarnpkg.com/hdkey/-/hdkey-0.7.1.tgz#caee4be81aa77921e909b8d228dd0f29acaee632"
  dependencies:
    coinstring "^2.0.0"
    secp256k1 "^3.0.1"

he@1.1.1:
  version "1.1.1"
  resolved "https://registry.yarnpkg.com/he/-/he-1.1.1.tgz#93410fd21b009735151f8868c2f271f3427e23fd"

hmac-drbg@^1.0.0:
  version "1.0.1"
  resolved "https://registry.yarnpkg.com/hmac-drbg/-/hmac-drbg-1.0.1.tgz#d2745701025a6c775a6c545793ed502fc0c649a1"
  dependencies:
    hash.js "^1.0.3"
    minimalistic-assert "^1.0.0"
    minimalistic-crypto-utils "^1.0.1"

inflight@^1.0.4:
  version "1.0.6"
  resolved "https://registry.yarnpkg.com/inflight/-/inflight-1.0.6.tgz#49bd6331d7d02d0c09bc910a1075ba8165b56df9"
  dependencies:
    once "^1.3.0"
    wrappy "1"

inherits@2, inherits@^2.0.1, inherits@^2.0.3:
  version "2.0.3"
  resolved "https://registry.yarnpkg.com/inherits/-/inherits-2.0.3.tgz#633c2c83e3da42a502f52466022480f4208261de"

is-hex-prefixed@1.0.0:
  version "1.0.0"
  resolved "https://registry.yarnpkg.com/is-hex-prefixed/-/is-hex-prefixed-1.0.0.tgz#7d8d37e6ad77e5d127148913c573e082d777f554"

js-sha3@^0.3.1:
  version "0.3.1"
  resolved "https://registry.yarnpkg.com/js-sha3/-/js-sha3-0.3.1.tgz#86122802142f0828502a0d1dee1d95e253bb0243"

json3@3.3.2:
  version "3.3.2"
  resolved "https://registry.yarnpkg.com/json3/-/json3-3.3.2.tgz#3c0434743df93e2f5c42aee7b19bcb483575f4e1"

json5@0.4.0:
  version "0.4.0"
  resolved "https://registry.yarnpkg.com/json5/-/json5-0.4.0.tgz#054352e4c4c80c86c0923877d449de176a732c8d"

keccak@^1.0.2:
  version "1.4.0"
  resolved "https://registry.yarnpkg.com/keccak/-/keccak-1.4.0.tgz#572f8a6dbee8e7b3aa421550f9e6408ca2186f80"
  dependencies:
    bindings "^1.2.1"
    inherits "^2.0.3"
    nan "^2.2.1"
    safe-buffer "^5.1.0"

keccakjs@^0.2.0:
  version "0.2.1"
  resolved "https://registry.yarnpkg.com/keccakjs/-/keccakjs-0.2.1.tgz#1d633af907ef305bbf9f2fa616d56c44561dfa4d"
  dependencies:
    browserify-sha3 "^0.0.1"
    sha3 "^1.1.0"

lodash._baseassign@^3.0.0:
  version "3.2.0"
  resolved "https://registry.yarnpkg.com/lodash._baseassign/-/lodash._baseassign-3.2.0.tgz#8c38a099500f215ad09e59f1722fd0c52bfe0a4e"
  dependencies:
    lodash._basecopy "^3.0.0"
    lodash.keys "^3.0.0"

lodash._basecopy@^3.0.0:
  version "3.0.1"
  resolved "https://registry.yarnpkg.com/lodash._basecopy/-/lodash._basecopy-3.0.1.tgz#8da0e6a876cf344c0ad8a54882111dd3c5c7ca36"

lodash._basecreate@^3.0.0:
  version "3.0.3"
  resolved "https://registry.yarnpkg.com/lodash._basecreate/-/lodash._basecreate-3.0.3.tgz#1bc661614daa7fc311b7d03bf16806a0213cf821"

lodash._getnative@^3.0.0:
  version "3.9.1"
  resolved "https://registry.yarnpkg.com/lodash._getnative/-/lodash._getnative-3.9.1.tgz#570bc7dede46d61cdcde687d65d3eecbaa3aaff5"

lodash._isiterateecall@^3.0.0:
  version "3.0.9"
  resolved "https://registry.yarnpkg.com/lodash._isiterateecall/-/lodash._isiterateecall-3.0.9.tgz#5203ad7ba425fae842460e696db9cf3e6aac057c"

lodash.create@3.1.1:
  version "3.1.1"
  resolved "https://registry.yarnpkg.com/lodash.create/-/lodash.create-3.1.1.tgz#d7f2849f0dbda7e04682bb8cd72ab022461debe7"
  dependencies:
    lodash._baseassign "^3.0.0"
    lodash._basecreate "^3.0.0"
    lodash._isiterateecall "^3.0.0"

lodash.isarguments@^3.0.0:
  version "3.1.0"
  resolved "https://registry.yarnpkg.com/lodash.isarguments/-/lodash.isarguments-3.1.0.tgz#2f573d85c6a24289ff00663b491c1d338ff3458a"

lodash.isarray@^3.0.0:
  version "3.0.4"
  resolved "https://registry.yarnpkg.com/lodash.isarray/-/lodash.isarray-3.0.4.tgz#79e4eb88c36a8122af86f844aa9bcd851b5fbb55"

lodash.keys@^3.0.0:
  version "3.1.2"
  resolved "https://registry.yarnpkg.com/lodash.keys/-/lodash.keys-3.1.2.tgz#4dbc0472b156be50a0b286855d1bd0b0c656098a"
  dependencies:
    lodash._getnative "^3.0.0"
    lodash.isarguments "^3.0.0"
    lodash.isarray "^3.0.0"

lodash@^4.14.0:
  version "4.17.5"
  resolved "https://registry.yarnpkg.com/lodash/-/lodash-4.17.5.tgz#99a92d65c0272debe8c96b6057bc8fbfa3bed511"

md5.js@^1.3.4:
  version "1.3.4"
  resolved "https://registry.yarnpkg.com/md5.js/-/md5.js-1.3.4.tgz#e9bdbde94a20a5ac18b04340fc5764d5b09d901d"
  dependencies:
    hash-base "^3.0.0"
    inherits "^2.0.1"

minimalistic-assert@^1.0.0:
  version "1.0.0"
  resolved "https://registry.yarnpkg.com/minimalistic-assert/-/minimalistic-assert-1.0.0.tgz#702be2dda6b37f4836bcb3f5db56641b64a1d3d3"

minimalistic-crypto-utils@^1.0.0, minimalistic-crypto-utils@^1.0.1:
  version "1.0.1"
  resolved "https://registry.yarnpkg.com/minimalistic-crypto-utils/-/minimalistic-crypto-utils-1.0.1.tgz#f6c00c1c0b082246e5c4d99dfb8c7c083b2b582a"

minimatch@^3.0.2:
  version "3.0.4"
  resolved "https://registry.yarnpkg.com/minimatch/-/minimatch-3.0.4.tgz#5166e286457f03306064be5497e8dbb0c3d32083"
  dependencies:
    brace-expansion "^1.1.7"

minimist@0.0.8:
  version "0.0.8"
  resolved "https://registry.yarnpkg.com/minimist/-/minimist-0.0.8.tgz#857fcabfc3397d2625b8228262e86aa7a011b05d"

mkdirp@0.5.1:
  version "0.5.1"
  resolved "https://registry.yarnpkg.com/mkdirp/-/mkdirp-0.5.1.tgz#30057438eac6cf7f8c4767f38648d6697d75c903"
  dependencies:
    minimist "0.0.8"

mocha@^3.4.2:
  version "3.5.3"
  resolved "https://registry.yarnpkg.com/mocha/-/mocha-3.5.3.tgz#1e0480fe36d2da5858d1eb6acc38418b26eaa20d"
  dependencies:
    browser-stdout "1.3.0"
    commander "2.9.0"
    debug "2.6.8"
    diff "3.2.0"
    escape-string-regexp "1.0.5"
    glob "7.1.1"
    growl "1.9.2"
    he "1.1.1"
    json3 "3.3.2"
    lodash.create "3.1.1"
    mkdirp "0.5.1"
    supports-color "3.1.2"

ms@2.0.0:
  version "2.0.0"
  resolved "https://registry.yarnpkg.com/ms/-/ms-2.0.0.tgz#5608aeadfc00be6c2901df5f9861788de0d597c8"

nan@^2.0.5, nan@^2.0.8, nan@^2.2.1:
  version "2.10.0"
  resolved "https://registry.yarnpkg.com/nan/-/nan-2.10.0.tgz#96d0cd610ebd58d4b4de9cc0c6828cda99c7548f"

once@^1.3.0:
  version "1.4.0"
  resolved "https://registry.yarnpkg.com/once/-/once-1.4.0.tgz#583b1aa775961d4b113ac17d9c50baef9dd76bd1"
  dependencies:
    wrappy "1"

os-homedir@1.0.2:
  version "1.0.2"
  resolved "https://registry.yarnpkg.com/os-homedir/-/os-homedir-1.0.2.tgz#ffbc4988336e0e833de0c168c7ef152121aa7fb3"

path-is-absolute@^1.0.0:
  version "1.0.1"
  resolved "https://registry.yarnpkg.com/path-is-absolute/-/path-is-absolute-1.0.1.tgz#174b9268735534ffbc7ace6bf53a5a9e1b5c5f5f"

pbkdf2@^3.0.3:
  version "3.0.14"
  resolved "https://registry.yarnpkg.com/pbkdf2/-/pbkdf2-3.0.14.tgz#a35e13c64799b06ce15320f459c230e68e73bade"
  dependencies:
    create-hash "^1.1.2"
    create-hmac "^1.1.4"
    ripemd160 "^2.0.1"
    safe-buffer "^5.0.1"
    sha.js "^2.4.8"

ripemd160@^2.0.0, ripemd160@^2.0.1:
  version "2.0.1"
  resolved "https://registry.yarnpkg.com/ripemd160/-/ripemd160-2.0.1.tgz#0f4584295c53a3628af7e6d79aca21ce57d1c6e7"
  dependencies:
    hash-base "^2.0.0"
    inherits "^2.0.1"

rlp@^2.0.0:
  version "2.0.0"
  resolved "https://registry.yarnpkg.com/rlp/-/rlp-2.0.0.tgz#9db384ff4b89a8f61563d92395d8625b18f3afb0"

safe-buffer@^5.0.1, safe-buffer@^5.1.0, safe-buffer@^5.1.1:
  version "5.1.1"
  resolved "https://registry.yarnpkg.com/safe-buffer/-/safe-buffer-5.1.1.tgz#893312af69b2123def71f57889001671eeb2c853"

scrypt.js@^0.2.0:
  version "0.2.0"
  resolved "https://registry.yarnpkg.com/scrypt.js/-/scrypt.js-0.2.0.tgz#af8d1465b71e9990110bedfc593b9479e03a8ada"
  dependencies:
    scrypt "^6.0.2"
    scryptsy "^1.2.1"

scrypt@^6.0.2:
  version "6.0.3"
  resolved "https://registry.yarnpkg.com/scrypt/-/scrypt-6.0.3.tgz#04e014a5682b53fa50c2d5cce167d719c06d870d"
  dependencies:
    nan "^2.0.8"

scryptsy@^1.2.1:
  version "1.2.1"
  resolved "https://registry.yarnpkg.com/scryptsy/-/scryptsy-1.2.1.tgz#a3225fa4b2524f802700761e2855bdf3b2d92163"
  dependencies:
    pbkdf2 "^3.0.3"

secp256k1@^3.0.1:
  version "3.5.0"
  resolved "https://registry.yarnpkg.com/secp256k1/-/secp256k1-3.5.0.tgz#677d3b8a8e04e1a5fa381a1ae437c54207b738d0"
  dependencies:
    bindings "^1.2.1"
    bip66 "^1.1.3"
    bn.js "^4.11.3"
    create-hash "^1.1.2"
    drbg.js "^1.0.1"
    elliptic "^6.2.3"
    nan "^2.2.1"
    safe-buffer "^5.1.0"

sha.js@^2.4.0, sha.js@^2.4.8:
  version "2.4.11"
  resolved "https://registry.yarnpkg.com/sha.js/-/sha.js-2.4.11.tgz#37a5cf0b81ecbc6943de109ba2960d1b26584ae7"
  dependencies:
    inherits "^2.0.1"
    safe-buffer "^5.0.1"

sha3@^1.1.0:
  version "1.2.0"
  resolved "https://registry.yarnpkg.com/sha3/-/sha3-1.2.0.tgz#6989f1b70a498705876a373e2c62ace96aa9399a"
  dependencies:
    nan "^2.0.5"

strip-hex-prefix@1.0.0:
  version "1.0.0"
  resolved "https://registry.yarnpkg.com/strip-hex-prefix/-/strip-hex-prefix-1.0.0.tgz#0c5f155fef1151373377de9dbb588da05500e36f"
  dependencies:
    is-hex-prefixed "1.0.0"

supports-color@3.1.2:
  version "3.1.2"
  resolved "https://registry.yarnpkg.com/supports-color/-/supports-color-3.1.2.tgz#72a262894d9d408b956ca05ff37b2ed8a6e2a2d5"
  dependencies:
    has-flag "^1.0.0"

utf8@^2.1.1:
  version "2.1.2"
  resolved "https://registry.yarnpkg.com/utf8/-/utf8-2.1.2.tgz#1fa0d9270e9be850d9b05027f63519bf46457d96"

uuid@^2.0.1:
  version "2.0.3"
  resolved "https://registry.yarnpkg.com/uuid/-/uuid-2.0.3.tgz#67e2e863797215530dff318e5bf9dcebfd47b21a"

web3-cmt@^0.0.2-rc.2:
  version "0.0.2-rc.2"
  resolved "https://registry.yarnpkg.com/web3-cmt/-/web3-cmt-0.0.2-rc.2.tgz#1b40a0b21076fcca296bd8df56d7756046ca17e0"
  dependencies:
    web3 "^0.20.6"

web3@^0.20.6:
  version "0.20.6"
  resolved "https://registry.yarnpkg.com/web3/-/web3-0.20.6.tgz#3e97306ae024fb24e10a3d75c884302562215120"
  dependencies:
    bignumber.js "git+https://github.com/frozeman/bignumber.js-nolookahead.git"
    crypto-js "^3.1.4"
    utf8 "^2.1.1"
    xhr2 "*"
    xmlhttprequest "*"

wrappy@1:
  version "1.0.2"
  resolved "https://registry.yarnpkg.com/wrappy/-/wrappy-1.0.2.tgz#b5243d8f3ec1aa35f1364605bc0d1036e30ab69f"

xhr2@*:
  version "0.1.4"
  resolved "https://registry.yarnpkg.com/xhr2/-/xhr2-0.1.4.tgz#7f87658847716db5026323812f818cadab387a5f"

xmlhttprequest@*:
  version "1.8.0"
  resolved "https://registry.yarnpkg.com/xmlhttprequest/-/xmlhttprequest-1.8.0.tgz#67fe075c5c24fef39f9d65f5f7b7fe75171968fc"
